
Microsoft Visual Studio Solution File, Format Version 12.00
# Visual Studio Version 17
VisualStudioVersion = 17.2.32616.157
MinimumVisualStudioVersion = 10.0.40219.1
Project("{FAE04EC0-301F-11D3-BF4B-00C04F79EFBC}") = "ders2", "ders2\ders2.csproj", "{47CA9E36-7506-4F9F-99BF-560772B22A23}"
EndProject
Global
	GlobalSection(SolutionConfigurationPlatforms) = preSolution
		Debug|Any CPU = Debug|Any CPU
		Release|Any CPU = Release|Any CPU
	EndGlobalSection
	GlobalSection(ProjectConfigurationPlatforms) = postSolution
		{47CA9E36-7506-4F9F-99BF-560772B22A23}.Debug|Any CPU.ActiveCfg = Debug|Any CPU
		{47CA9E36-7506-4F9F-99BF-560772B22A23}.Debug|Any CPU.Build.0 = Debug|Any CPU
		{47CA9E36-7506-4F9F-99BF-560772B22A23}.Release|Any CPU.ActiveCfg = Release|Any CPU
		{47CA9E36-7506-4F9F-99BF-560772B22A23}.Release|Any CPU.Build.0 = Release|Any CPU
	EndGlobalSection
	GlobalSection(SolutionProperties) = preSolution
		HideSolutionNode = FALSE
	EndGlobalSection
	GlobalSection(ExtensibilityGlobals) = postSolution
		SolutionGuid = {DB57B35F-B597-4A7F-BDA6-A063622B4775}
	EndGlobalSection
EndGlobal
